// !$*UTF8*$!
{
	archiveVersion = 1;
	classes = {
	};
	objectVersion = 52;
	objects = {

/* Begin PBXBuildFile section */
		EE1B232A25BD77FE00A5EB64 /* CustomImageView.swift in Sources */ = {isa = PBXBuildFile; fileRef = EE1B232925BD77FE00A5EB64 /* CustomImageView.swift */; };
		EE8EB21F25BB3EC400C79926 /* AppDelegate.swift in Sources */ = {isa = PBXBuildFile; fileRef = EE8EB21E25BB3EC400C79926 /* AppDelegate.swift */; };
		EE8EB22825BB3EC600C79926 /* Assets.xcassets in Resources */ = {isa = PBXBuildFile; fileRef = EE8EB22725BB3EC600C79926 /* Assets.xcassets */; };
		EE8EB22B25BB3EC600C79926 /* LaunchScreen.storyboard in Resources */ = {isa = PBXBuildFile; fileRef = EE8EB22925BB3EC600C79926 /* LaunchScreen.storyboard */; };
		EE8EB23725BB3FA500C79926 /* RambaHamba in Frameworks */ = {isa = PBXBuildFile; productRef = EE8EB23625BB3FA500C79926 /* RambaHamba */; };
		EE8EB23D25BB408000C79926 /* NewsListController.swift in Sources */ = {isa = PBXBuildFile; fileRef = EE8EB23C25BB408000C79926 /* NewsListController.swift */; };
		EE8EB24125BB408A00C79926 /* NewsDetailsController.swift in Sources */ = {isa = PBXBuildFile; fileRef = EE8EB24025BB408A00C79926 /* NewsDetailsController.swift */; };
		EE8EB24725BB40B400C79926 /* NewsObject.swift in Sources */ = {isa = PBXBuildFile; fileRef = EE8EB24625BB40B400C79926 /* NewsObject.swift */; };
		EE8EB24B25BB40BF00C79926 /* NetworkManager.swift in Sources */ = {isa = PBXBuildFile; fileRef = EE8EB24A25BB40BF00C79926 /* NetworkManager.swift */; };
		EE8EB25525BB412B00C79926 /* ViewController.swift in Sources */ = {isa = PBXBuildFile; fileRef = EE8EB25425BB412B00C79926 /* ViewController.swift */; };
/* End PBXBuildFile section */

/* Begin PBXFileReference section */
		EE1B232925BD77FE00A5EB64 /* CustomImageView.swift */ = {isa = PBXFileReference; lastKnownFileType = sourcecode.swift; path = CustomImageView.swift; sourceTree = "<group>"; };
		EE8EB21B25BB3EC400C79926 /* TucanNews.app */ = {isa = PBXFileReference; explicitFileType = wrapper.application; includeInIndex = 0; path = TucanNews.app; sourceTree = BUILT_PRODUCTS_DIR; };
		EE8EB21E25BB3EC400C79926 /* AppDelegate.swift */ = {isa = PBXFileReference; lastKnownFileType = sourcecode.swift; path = AppDelegate.swift; sourceTree = "<group>"; };
		EE8EB22725BB3EC600C79926 /* Assets.xcassets */ = {isa = PBXFileReference; lastKnownFileType = folder.assetcatalog; path = Assets.xcassets; sourceTree = "<group>"; };
		EE8EB22A25BB3EC600C79926 /* Base */ = {isa = PBXFileReference; lastKnownFileType = file.storyboard; name = Base; path = Base.lproj/LaunchScreen.storyboard; sourceTree = "<group>"; };
		EE8EB22C25BB3EC600C79926 /* Info.plist */ = {isa = PBXFileReference; lastKnownFileType = text.plist.xml; path = Info.plist; sourceTree = "<group>"; };
		EE8EB23C25BB408000C79926 /* NewsListController.swift */ = {isa = PBXFileReference; lastKnownFileType = sourcecode.swift; path = NewsListController.swift; sourceTree = "<group>"; };
		EE8EB24025BB408A00C79926 /* NewsDetailsController.swift */ = {isa = PBXFileReference; lastKnownFileType = sourcecode.swift; path = NewsDetailsController.swift; sourceTree = "<group>"; };
		EE8EB24625BB40B400C79926 /* NewsObject.swift */ = {isa = PBXFileReference; lastKnownFileType = sourcecode.swift; path = NewsObject.swift; sourceTree = "<group>"; };
		EE8EB24A25BB40BF00C79926 /* NetworkManager.swift */ = {isa = PBXFileReference; lastKnownFileType = sourcecode.swift; path = NetworkManager.swift; sourceTree = "<group>"; };
		EE8EB25425BB412B00C79926 /* ViewController.swift */ = {isa = PBXFileReference; lastKnownFileType = sourcecode.swift; path = ViewController.swift; sourceTree = "<group>"; };
/* End PBXFileReference section */

/* Begin PBXFrameworksBuildPhase section */
		EE8EB21825BB3EC400C79926 /* Frameworks */ = {
			isa = PBXFrameworksBuildPhase;
			buildActionMask = 2147483647;
			files = (
				EE8EB23725BB3FA500C79926 /* RambaHamba in Frameworks */,
			);
			runOnlyForDeploymentPostprocessing = 0;
		};
/* End PBXFrameworksBuildPhase section */

/* Begin PBXGroup section */
		EE8EB21225BB3EC400C79926 = {
			isa = PBXGroup;
			children = (
				EE8EB21D25BB3EC400C79926 /* TucanNews */,
				EE8EB21C25BB3EC400C79926 /* Products */,
			);
			sourceTree = "<group>";
		};
		EE8EB21C25BB3EC400C79926 /* Products */ = {
			isa = PBXGroup;
			children = (
				EE8EB21B25BB3EC400C79926 /* TucanNews.app */,
			);
			name = Products;
			sourceTree = "<group>";
		};
		EE8EB21D25BB3EC400C79926 /* TucanNews */ = {
			isa = PBXGroup;
			children = (
				EE8EB25325BB411F00C79926 /* Overrides */,
				EE8EB24F25BB40D300C79926 /* App */,
				EE8EB24325BB409000C79926 /* Datahandler */,
				EE8EB23B25BB406E00C79926 /* Screens */,
				EE8EB24E25BB40CD00C79926 /* Resources */,
				EE8EB24D25BB40C800C79926 /* Settings */,
			);
			path = TucanNews;
			sourceTree = "<group>";
		};
		EE8EB23B25BB406E00C79926 /* Screens */ = {
			isa = PBXGroup;
			children = (
				EE8EB23C25BB408000C79926 /* NewsListController.swift */,
				EE8EB24025BB408A00C79926 /* NewsDetailsController.swift */,
			);
			path = Screens;
			sourceTree = "<group>";
		};
		EE8EB24325BB409000C79926 /* Datahandler */ = {
			isa = PBXGroup;
			children = (
				EE8EB24525BB40A100C79926 /* Network */,
				EE8EB24425BB409800C79926 /* Models */,
			);
			path = Datahandler;
			sourceTree = "<group>";
		};
		EE8EB24425BB409800C79926 /* Models */ = {
			isa = PBXGroup;
			children = (
				EE8EB24625BB40B400C79926 /* NewsObject.swift */,
			);
			path = Models;
			sourceTree = "<group>";
		};
		EE8EB24525BB40A100C79926 /* Network */ = {
			isa = PBXGroup;
			children = (
				EE8EB24A25BB40BF00C79926 /* NetworkManager.swift */,
			);
			path = Network;
			sourceTree = "<group>";
		};
		EE8EB24D25BB40C800C79926 /* Settings */ = {
			isa = PBXGroup;
			children = (
				EE8EB22C25BB3EC600C79926 /* Info.plist */,
			);
			path = Settings;
			sourceTree = "<group>";
		};
		EE8EB24E25BB40CD00C79926 /* Resources */ = {
			isa = PBXGroup;
			children = (
				EE8EB22725BB3EC600C79926 /* Assets.xcassets */,
				EE8EB22925BB3EC600C79926 /* LaunchScreen.storyboard */,
			);
			path = Resources;
			sourceTree = "<group>";
		};
		EE8EB24F25BB40D300C79926 /* App */ = {
			isa = PBXGroup;
			children = (
				EE8EB21E25BB3EC400C79926 /* AppDelegate.swift */,
			);
			path = App;
			sourceTree = "<group>";
		};
		EE8EB25325BB411F00C79926 /* Overrides */ = {
			isa = PBXGroup;
			children = (
				EE8EB25425BB412B00C79926 /* ViewController.swift */,
				EE1B232925BD77FE00A5EB64 /* CustomImageView.swift */,
			);
			path = Overrides;
			sourceTree = "<group>";
		};
/* End PBXGroup section */

/* Begin PBXNativeTarget section */
		EE8EB21A25BB3EC400C79926 /* TucanNews */ = {
			isa = PBXNativeTarget;
			buildConfigurationList = EE8EB22F25BB3EC600C79926 /* Build configuration list for PBXNativeTarget "TucanNews" */;
			buildPhases = (
				EE8EB21725BB3EC400C79926 /* Sources */,
				EE8EB21825BB3EC400C79926 /* Frameworks */,
				EE8EB21925BB3EC400C79926 /* Resources */,
			);
			buildRules = (
			);
			dependencies = (
			);
			name = TucanNews;
			packageProductDependencies = (
				EE8EB23625BB3FA500C79926 /* RambaHamba */,
			);
			productName = TucanNews;
			productReference = EE8EB21B25BB3EC400C79926 /* TucanNews.app */;
			productType = "com.apple.product-type.application";
		};
/* End PBXNativeTarget section */

/* Begin PBXProject section */
		EE8EB21325BB3EC400C79926 /* Project object */ = {
			isa = PBXProject;
			attributes = {
				LastSwiftUpdateCheck = 1230;
				LastUpgradeCheck = 1230;
				TargetAttributes = {
					EE8EB21A25BB3EC400C79926 = {
						CreatedOnToolsVersion = 12.3;
					};
				};
			};
			buildConfigurationList = EE8EB21625BB3EC400C79926 /* Build configuration list for PBXProject "TucanNews" */;
			compatibilityVersion = "Xcode 9.3";
			developmentRegion = en;
			hasScannedForEncodings = 0;
			knownRegions = (
				en,
				Base,
			);
			mainGroup = EE8EB21225BB3EC400C79926;
			packageReferences = (
				EE8EB23525BB3FA500C79926 /* XCRemoteSwiftPackageReference "rambahamba" */,
			);
			productRefGroup = EE8EB21C25BB3EC400C79926 /* Products */;
			projectDirPath = "";
			projectRoot = "";
			targets = (
				EE8EB21A25BB3EC400C79926 /* TucanNews */,
			);
		};
/* End PBXProject section */

/* Begin PBXResourcesBuildPhase section */
		EE8EB21925BB3EC400C79926 /* Resources */ = {
			isa = PBXResourcesBuildPhase;
			buildActionMask = 2147483647;
			files = (
				EE8EB22B25BB3EC600C79926 /* LaunchScreen.storyboard in Resources */,
				EE8EB22825BB3EC600C79926 /* Assets.xcassets in Resources */,
			);
			runOnlyForDeploymentPostprocessing = 0;
		};
/* End PBXResourcesBuildPhase section */

/* Begin PBXSourcesBuildPhase section */
		EE8EB21725BB3EC400C79926 /* Sources */ = {
			isa = PBXSourcesBuildPhase;
			buildActionMask = 2147483647;
			files = (
				EE8EB25525BB412B00C79926 /* ViewController.swift in Sources */,
				EE8EB23D25BB408000C79926 /* NewsListController.swift in Sources */,
				EE8EB24125BB408A00C79926 /* NewsDetailsController.swift in Sources */,
				EE8EB24B25BB40BF00C79926 /* NetworkManager.swift in Sources */,
				EE8EB21F25BB3EC400C79926 /* AppDelegate.swift in Sources */,
				EE8EB24725BB40B400C79926 /* NewsObject.swift in Sources */,
				EE1B232A25BD77FE00A5EB64 /* CustomImageView.swift in Sources */,
			);
			runOnlyForDeploymentPostprocessing = 0;
		};
/* End PBXSourcesBuildPhase section */

/* Begin PBXVariantGroup section */
		EE8EB22925BB3EC600C79926 /* LaunchScreen.storyboard */ = {
			isa = PBXVariantGroup;
			children = (
				EE8EB22A25BB3EC600C79926 /* Base */,
			);
			name = LaunchScreen.storyboard;
			sourceTree = "<group>";
		};
/* End PBXVariantGroup section */

/* Begin XCBuildConfiguration section */
		EE8EB22D25BB3EC600C79926 /* Debug */ = {
			isa = XCBuildConfiguration;
			buildSettings = {
				ALWAYS_SEARCH_USER_PATHS = NO;
				CLANG_ANALYZER_NONNULL = YES;
				CLANG_ANALYZER_NUMBER_OBJECT_CONVERSION = YES_AGGRESSIVE;
				CLANG_CXX_LANGUAGE_STANDARD = "gnu++14";
				CLANG_CXX_LIBRARY = "libc++";
				CLANG_ENABLE_MODULES = YES;
				CLANG_ENABLE_OBJC_ARC = YES;
				CLANG_ENABLE_OBJC_WEAK = YES;
				CLANG_WARN_BLOCK_CAPTURE_AUTORELEASING = YES;
				CLANG_WARN_BOOL_CONVERSION = YES;
				CLANG_WARN_COMMA = YES;
				CLANG_WARN_CONSTANT_CONVERSION = YES;
				CLANG_WARN_DEPRECATED_OBJC_IMPLEMENTATIONS = YES;
				CLANG_WARN_DIRECT_OBJC_ISA_USAGE = YES_ERROR;
				CLANG_WARN_DOCUMENTATION_COMMENTS = YES;
				CLANG_WARN_EMPTY_BODY = YES;
				CLANG_WARN_ENUM_CONVERSION = YES;
				CLANG_WARN_INFINITE_RECURSION = YES;
				CLANG_WARN_INT_CONVERSION = YES;
				CLANG_WARN_NON_LITERAL_NULL_CONVERSION = YES;
				CLANG_WARN_OBJC_IMPLICIT_RETAIN_SELF = YES;
				CLANG_WARN_OBJC_LITERAL_CONVERSION = YES;
				CLANG_WARN_OBJC_ROOT_CLASS = YES_ERROR;
				CLANG_WARN_QUOTED_INCLUDE_IN_FRAMEWORK_HEADER = YES;
				CLANG_WARN_RANGE_LOOP_ANALYSIS = YES;
				CLANG_WARN_STRICT_PROTOTYPES = YES;
				CLANG_WARN_SUSPICIOUS_MOVE = YES;
				CLANG_WARN_UNGUARDED_AVAILABILITY = YES_AGGRESSIVE;
				CLANG_WARN_UNREACHABLE_CODE = YES;
				CLANG_WARN__DUPLICATE_METHOD_MATCH = YES;
				COPY_PHASE_STRIP = NO;
				DEBUG_INFORMATION_FORMAT = dwarf;
				ENABLE_STRICT_OBJC_MSGSEND = YES;
				ENABLE_TESTABILITY = YES;
				GCC_C_LANGUAGE_STANDARD = gnu11;
				GCC_DYNAMIC_NO_PIC = NO;
				GCC_NO_COMMON_BLOCKS = YES;
				GCC_OPTIMIZATION_LEVEL = 0;
				GCC_PREPROCESSOR_DEFINITIONS = (
					"DEBUG=1",
					"$(inherited)",
				);
				GCC_WARN_64_TO_32_BIT_CONVERSION = YES;
				GCC_WARN_ABOUT_RETURN_TYPE = YES_ERROR;
				GCC_WARN_UNDECLARED_SELECTOR = YES;
				GCC_WARN_UNINITIALIZED_AUTOS = YES_AGGRESSIVE;
				GCC_WARN_UNUSED_FUNCTION = YES;
				GCC_WARN_UNUSED_VARIABLE = YES;
				IPHONEOS_DEPLOYMENT_TARGET = 14.3;
				MTL_ENABLE_DEBUG_INFO = INCLUDE_SOURCE;
				MTL_FAST_MATH = YES;
				ONLY_ACTIVE_ARCH = YES;
				SDKROOT = iphoneos;
				SWIFT_ACTIVE_COMPILATION_CONDITIONS = DEBUG;
				SWIFT_OPTIMIZATION_LEVEL = "-Onone";
			};
			name = Debug;
		};
		EE8EB22E25BB3EC600C79926 /* Release */ = {
			isa = XCBuildConfiguration;
			buildSettings = {
				ALWAYS_SEARCH_USER_PATHS = NO;
				CLANG_ANALYZER_NONNULL = YES;
				CLANG_ANALYZER_NUMBER_OBJECT_CONVERSION = YES_AGGRESSIVE;
				CLANG_CXX_LANGUAGE_STANDARD = "gnu++14";
				CLANG_CXX_LIBRARY = "libc++";
				CLANG_ENABLE_MODULES = YES;
				CLANG_ENABLE_OBJC_ARC = YES;
				CLANG_ENABLE_OBJC_WEAK = YES;
				CLANG_WARN_BLOCK_CAPTURE_AUTORELEASING = YES;
				CLANG_WARN_BOOL_CONVERSION = YES;
				CLANG_WARN_COMMA = YES;
				CLANG_WARN_CONSTANT_CONVERSION = YES;
				CLANG_WARN_DEPRECATED_OBJC_IMPLEMENTATIONS = YES;
				CLANG_WARN_DIRECT_OBJC_ISA_USAGE = YES_ERROR;
				CLANG_WARN_DOCUMENTATION_COMMENTS = YES;
				CLANG_WARN_EMPTY_BODY = YES;
				CLANG_WARN_ENUM_CONVERSION = YES;
				CLANG_WARN_INFINITE_RECURSION = YES;
				CLANG_WARN_INT_CONVERSION = YES;
				CLANG_WARN_NON_LITERAL_NULL_CONVERSION = YES;
				CLANG_WARN_OBJC_IMPLICIT_RETAIN_SELF = YES;
				CLANG_WARN_OBJC_LITERAL_CONVERSION = YES;
				CLANG_WARN_OBJC_ROOT_CLASS = YES_ERROR;
				CLANG_WARN_QUOTED_INCLUDE_IN_FRAMEWORK_HEADER = YES;
				CLANG_WARN_RANGE_LOOP_ANALYSIS = YES;
				CLANG_WARN_STRICT_PROTOTYPES = YES;
				CLANG_WARN_SUSPICIOUS_MOVE = YES;
				CLANG_WARN_UNGUARDED_AVAILABILITY = YES_AGGRESSIVE;
				CLANG_WARN_UNREACHABLE_CODE = YES;
				CLANG_WARN__DUPLICATE_METHOD_MATCH = YES;
				COPY_PHASE_STRIP = NO;
				DEBUG_INFORMATION_FORMAT = "dwarf-with-dsym";
				ENABLE_NS_ASSERTIONS = NO;
				ENABLE_STRICT_OBJC_MSGSEND = YES;
				GCC_C_LANGUAGE_STANDARD = gnu11;
				GCC_NO_COMMON_BLOCKS = YES;
				GCC_WARN_64_TO_32_BIT_CONVERSION = YES;
				GCC_WARN_ABOUT_RETURN_TYPE = YES_ERROR;
				GCC_WARN_UNDECLARED_SELECTOR = YES;
				GCC_WARN_UNINITIALIZED_AUTOS = YES_AGGRESSIVE;
				GCC_WARN_UNUSED_FUNCTION = YES;
				GCC_WARN_UNUSED_VARIABLE = YES;
				IPHONEOS_DEPLOYMENT_TARGET = 14.3;
				MTL_ENABLE_DEBUG_INFO = NO;
				MTL_FAST_MATH = YES;
				SDKROOT = iphoneos;
				SWIFT_COMPILATION_MODE = wholemodule;
				SWIFT_OPTIMIZATION_LEVEL = "-O";
				VALIDATE_PRODUCT = YES;
			};
			name = Release;
		};
		EE8EB23025BB3EC600C79926 /* Debug */ = {
			isa = XCBuildConfiguration;
			buildSettings = {
				ASSETCATALOG_COMPILER_APPICON_NAME = AppIcon;
				ASSETCATALOG_COMPILER_GLOBAL_ACCENT_COLOR_NAME = AccentColor;
				CODE_SIGN_STYLE = Automatic;
				DEVELOPMENT_TEAM = 9DLF37G2J3;
				INFOPLIST_FILE = TucanNews/Settings/Info.plist;
				LD_RUNPATH_SEARCH_PATHS = (
					"$(inherited)",
					"@executable_path/Frameworks",
				);
				PRODUCT_BUNDLE_IDENTIFIER = com.obodev.TucanNews;
				PRODUCT_NAME = "$(TARGET_NAME)";
				SWIFT_VERSION = 5.0;
				TARGETED_DEVICE_FAMILY = 1;
			};
			name = Debug;
		};
		EE8EB23125BB3EC600C79926 /* Release */ = {
			isa = XCBuildConfiguration;
			buildSettings = {
				ASSETCATALOG_COMPILER_APPICON_NAME = AppIcon;
				ASSETCATALOG_COMPILER_GLOBAL_ACCENT_COLOR_NAME = AccentColor;
				CODE_SIGN_STYLE = Automatic;
				DEVELOPMENT_TEAM = 9DLF37G2J3;
				INFOPLIST_FILE = TucanNews/Settings/Info.plist;
				LD_RUNPATH_SEARCH_PATHS = (
					"$(inherited)",
					"@executable_path/Frameworks",
				);
				PRODUCT_BUNDLE_IDENTIFIER = com.obodev.TucanNews;
				PRODUCT_NAME = "$(TARGET_NAME)";
				SWIFT_VERSION = 5.0;
				TARGETED_DEVICE_FAMILY = 1;
			};
			name = Release;
		};
/* End XCBuildConfiguration section */

/* Begin XCConfigurationList section */
		EE8EB21625BB3EC400C79926 /* Build configuration list for PBXProject "TucanNews" */ = {
			isa = XCConfigurationList;
			buildConfigurations = (
				EE8EB22D25BB3EC600C79926 /* Debug */,
				EE8EB22E25BB3EC600C79926 /* Release */,
			);
			defaultConfigurationIsVisible = 0;
			defaultConfigurationName = Release;
		};
		EE8EB22F25BB3EC600C79926 /* Build configuration list for PBXNativeTarget "TucanNews" */ = {
			isa = XCConfigurationList;
			buildConfigurations = (
				EE8EB23025BB3EC600C79926 /* Debug */,
				EE8EB23125BB3EC600C79926 /* Release */,
			);
			defaultConfigurationIsVisible = 0;
			defaultConfigurationName = Release;
		};
/* End XCConfigurationList section */

/* Begin XCRemoteSwiftPackageReference section */
		EE8EB23525BB3FA500C79926 /* XCRemoteSwiftPackageReference "rambahamba" */ = {
			isa = XCRemoteSwiftPackageReference;
			repositoryURL = "https://github.com/obozhdi/rambahamba.git";
			requirement = {
				branch = master;
				kind = branch;
			};
		};
/* End XCRemoteSwiftPackageReference section */

/* Begin XCSwiftPackageProductDependency section */
		EE8EB23625BB3FA500C79926 /* RambaHamba */ = {
			isa = XCSwiftPackageProductDependency;
			package = EE8EB23525BB3FA500C79926 /* XCRemoteSwiftPackageReference "rambahamba" */;
			productName = RambaHamba;
		};
/* End XCSwiftPackageProductDependency section */
	};
	rootObject = EE8EB21325BB3EC400C79926 /* Project object */;
}
